
Microsoft Visual Studio Solution File, Format Version 12.00
# Visual Studio Version 17
VisualStudioVersion = 17.3.32929.385
MinimumVisualStudioVersion = 10.0.40219.1
Project("{FAE04EC0-301F-11D3-BF4B-00C04F79EFBC}") = "DrawerDemo.UWP", "DrawerDemo\DrawerDemo.UWP\DrawerDemo.UWP.csproj", "{637C1F67-C23A-440A-80EE-BB7C11830739}"
EndProject
Project("{FAE04EC0-301F-11D3-BF4B-00C04F79EFBC}") = "DrawerDemo.Android", "DrawerDemo\DrawerDemo.Android\DrawerDemo.Android.csproj", "{E78D59C1-317C-4438-A7A5-3F3922891A21}"
EndProject
Project("{FAE04EC0-301F-11D3-BF4B-00C04F79EFBC}") = "DrawerDemo.iOS", "DrawerDemo\DrawerDemo.iOS\DrawerDemo.iOS.csproj", "{2DB5C6B4-C48B-432A-B4D8-DD68668F020A}"
EndProject
Project("{FAE04EC0-301F-11D3-BF4B-00C04F79EFBC}") = "DrawerDemo", "DrawerDemo\DrawerDemo\DrawerDemo.csproj", "{CC98D751-6B42-4FD6-8283-792723C45B31}"
EndProject
Global
	GlobalSection(SolutionConfigurationPlatforms) = preSolution
		Debug|Any CPU = Debug|Any CPU
		Debug|ARM = Debug|ARM
		Debug|iPhone = Debug|iPhone
		Debug|iPhoneSimulator = Debug|iPhoneSimulator
		Debug|x64 = Debug|x64
		Debug|x86 = Debug|x86
		Release|Any CPU = Release|Any CPU
		Release|ARM = Release|ARM
		Release|iPhone = Release|iPhone
		Release|iPhoneSimulator = Release|iPhoneSimulator
		Release|x64 = Release|x64
		Release|x86 = Release|x86
	EndGlobalSection
	GlobalSection(ProjectConfigurationPlatforms) = postSolution
		{637C1F67-C23A-440A-80EE-BB7C11830739}.Debug|Any CPU.ActiveCfg = Debug|x64
		{637C1F67-C23A-440A-80EE-BB7C11830739}.Debug|Any CPU.Build.0 = Debug|x64
		{637C1F67-C23A-440A-80EE-BB7C11830739}.Debug|Any CPU.Deploy.0 = Debug|x64
		{637C1F67-C23A-440A-80EE-BB7C11830739}.Debug|ARM.ActiveCfg = Debug|ARM
		{637C1F67-C23A-440A-80EE-BB7C11830739}.Debug|ARM.Build.0 = Debug|ARM
		{637C1F67-C23A-440A-80EE-BB7C11830739}.Debug|ARM.Deploy.0 = Debug|ARM
		{637C1F67-C23A-440A-80EE-BB7C11830739}.Debug|iPhone.ActiveCfg = Debug|x64
		{637C1F67-C23A-440A-80EE-BB7C11830739}.Debug|iPhone.Build.0 = Debug|x64
		{637C1F67-C23A-440A-80EE-BB7C11830739}.Debug|iPhone.Deploy.0 = Debug|x64
		{637C1F67-C23A-440A-80EE-BB7C11830739}.Debug|iPhoneSimulator.ActiveCfg = Debug|x64
		{637C1F67-C23A-440A-80EE-BB7C11830739}.Debug|iPhoneSimulator.Build.0 = Debug|x64
		{637C1F67-C23A-440A-80EE-BB7C11830739}.Debug|iPhoneSimulator.Deploy.0 = Debug|x64
		{637C1F67-C23A-440A-80EE-BB7C11830739}.Debug|x64.ActiveCfg = Debug|x64
		{637C1F67-C23A-440A-80EE-BB7C11830739}.Debug|x64.Build.0 = Debug|x64
		{637C1F67-C23A-440A-80EE-BB7C11830739}.Debug|x64.Deploy.0 = Debug|x64
		{637C1F67-C23A-440A-80EE-BB7C11830739}.Debug|x86.ActiveCfg = Debug|x86
		{637C1F67-C23A-440A-80EE-BB7C11830739}.Debug|x86.Build.0 = Debug|x86
		{637C1F67-C23A-440A-80EE-BB7C11830739}.Debug|x86.Deploy.0 = Debug|x86
		{637C1F67-C23A-440A-80EE-BB7C11830739}.Release|Any CPU.ActiveCfg = Release|x64
		{637C1F67-C23A-440A-80EE-BB7C11830739}.Release|Any CPU.Build.0 = Release|x64
		{637C1F67-C23A-440A-80EE-BB7C11830739}.Release|Any CPU.Deploy.0 = Release|x64
		{637C1F67-C23A-440A-80EE-BB7C11830739}.Release|ARM.ActiveCfg = Release|ARM
		{637C1F67-C23A-440A-80EE-BB7C11830739}.Release|ARM.Build.0 = Release|ARM
		{637C1F67-C23A-440A-80EE-BB7C11830739}.Release|ARM.Deploy.0 = Release|ARM
		{637C1F67-C23A-440A-80EE-BB7C11830739}.Release|iPhone.ActiveCfg = Release|x64
		{637C1F67-C23A-440A-80EE-BB7C11830739}.Release|iPhone.Build.0 = Release|x64
		{637C1F67-C23A-440A-80EE-BB7C11830739}.Release|iPhone.Deploy.0 = Release|x64
		{637C1F67-C23A-440A-80EE-BB7C11830739}.Release|iPhoneSimulator.ActiveCfg = Release|x64
		{637C1F67-C23A-440A-80EE-BB7C11830739}.Release|iPhoneSimulator.Build.0 = Release|x64
		{637C1F67-C23A-440A-80EE-BB7C11830739}.Release|iPhoneSimulator.Deploy.0 = Release|x64
		{637C1F67-C23A-440A-80EE-BB7C11830739}.Release|x64.ActiveCfg = Release|x64
		{637C1F67-C23A-440A-80EE-BB7C11830739}.Release|x64.Build.0 = Release|x64
		{637C1F67-C23A-440A-80EE-BB7C11830739}.Release|x64.Deploy.0 = Release|x64
		{637C1F67-C23A-440A-80EE-BB7C11830739}.Release|x86.ActiveCfg = Release|x86
		{637C1F67-C23A-440A-80EE-BB7C11830739}.Release|x86.Build.0 = Release|x86
		{637C1F67-C23A-440A-80EE-BB7C11830739}.Release|x86.Deploy.0 = Release|x86
		{E78D59C1-317C-4438-A7A5-3F3922891A21}.Debug|Any CPU.ActiveCfg = Debug|Any CPU
		{E78D59C1-317C-4438-A7A5-3F3922891A21}.Debug|Any CPU.Build.0 = Debug|Any CPU
		{E78D59C1-317C-4438-A7A5-3F3922891A21}.Debug|Any CPU.Deploy.0 = Debug|Any CPU
		{E78D59C1-317C-4438-A7A5-3F3922891A21}.Debug|ARM.ActiveCfg = Debug|Any CPU
		{E78D59C1-317C-4438-A7A5-3F3922891A21}.Debug|ARM.Build.0 = Debug|Any CPU
		{E78D59C1-317C-4438-A7A5-3F3922891A21}.Debug|ARM.Deploy.0 = Debug|Any CPU
		{E78D59C1-317C-4438-A7A5-3F3922891A21}.Debug|iPhone.ActiveCfg = Debug|Any CPU
		{E78D59C1-317C-4438-A7A5-3F3922891A21}.Debug|iPhone.Build.0 = Debug|Any CPU
		{E78D59C1-317C-4438-A7A5-3F3922891A21}.Debug|iPhone.Deploy.0 = Debug|Any CPU
		{E78D59C1-317C-4438-A7A5-3F3922891A21}.Debug|iPhoneSimulator.ActiveCfg = Debug|Any CPU
		{E78D59C1-317C-4438-A7A5-3F3922891A21}.Debug|iPhoneSimulator.Build.0 = Debug|Any CPU
		{E78D59C1-317C-4438-A7A5-3F3922891A21}.Debug|iPhoneSimulator.Deploy.0 = Debug|Any CPU
		{E78D59C1-317C-4438-A7A5-3F3922891A21}.Debug|x64.ActiveCfg = Debug|Any CPU
		{E78D59C1-317C-4438-A7A5-3F3922891A21}.Debug|x64.Build.0 = Debug|Any CPU
		{E78D59C1-317C-4438-A7A5-3F3922891A21}.Debug|x64.Deploy.0 = Debug|Any CPU
		{E78D59C1-317C-4438-A7A5-3F3922891A21}.Debug|x86.ActiveCfg = Debug|Any CPU
		{E78D59C1-317C-4438-A7A5-3F3922891A21}.Debug|x86.Build.0 = Debug|Any CPU
		{E78D59C1-317C-4438-A7A5-3F3922891A21}.Debug|x86.Deploy.0 = Debug|Any CPU
		{E78D59C1-317C-4438-A7A5-3F3922891A21}.Release|Any CPU.ActiveCfg = Release|Any CPU
		{E78D59C1-317C-4438-A7A5-3F3922891A21}.Release|Any CPU.Build.0 = Release|Any CPU
		{E78D59C1-317C-4438-A7A5-3F3922891A21}.Release|Any CPU.Deploy.0 = Release|Any CPU
		{E78D59C1-317C-4438-A7A5-3F3922891A21}.Release|ARM.ActiveCfg = Release|Any CPU
		{E78D59C1-317C-4438-A7A5-3F3922891A21}.Release|ARM.Build.0 = Release|Any CPU
		{E78D59C1-317C-4438-A7A5-3F3922891A21}.Release|ARM.Deploy.0 = Release|Any CPU
		{E78D59C1-317C-4438-A7A5-3F3922891A21}.Release|iPhone.ActiveCfg = Release|Any CPU
		{E78D59C1-317C-4438-A7A5-3F3922891A21}.Release|iPhone.Build.0 = Release|Any CPU
		{E78D59C1-317C-4438-A7A5-3F3922891A21}.Release|iPhone.Deploy.0 = Release|Any CPU
		{E78D59C1-317C-4438-A7A5-3F3922891A21}.Release|iPhoneSimulator.ActiveCfg = Release|Any CPU
		{E78D59C1-317C-4438-A7A5-3F3922891A21}.Release|iPhoneSimulator.Build.0 = Release|Any CPU
		{E78D59C1-317C-4438-A7A5-3F3922891A21}.Release|iPhoneSimulator.Deploy.0 = Release|Any CPU
		{E78D59C1-317C-4438-A7A5-3F3922891A21}.Release|x64.ActiveCfg = Release|Any CPU
		{E78D59C1-317C-4438-A7A5-3F3922891A21}.Release|x64.Build.0 = Release|Any CPU
		{E78D59C1-317C-4438-A7A5-3F3922891A21}.Release|x64.Deploy.0 = Release|Any CPU
		{E78D59C1-317C-4438-A7A5-3F3922891A21}.Release|x86.ActiveCfg = Release|Any CPU
		{E78D59C1-317C-4438-A7A5-3F3922891A21}.Release|x86.Build.0 = Release|Any CPU
		{E78D59C1-317C-4438-A7A5-3F3922891A21}.Release|x86.Deploy.0 = Release|Any CPU
		{2DB5C6B4-C48B-432A-B4D8-DD68668F020A}.Debug|Any CPU.ActiveCfg = Debug|iPhoneSimulator
		{2DB5C6B4-C48B-432A-B4D8-DD68668F020A}.Debug|Any CPU.Build.0 = Debug|iPhoneSimulator
		{2DB5C6B4-C48B-432A-B4D8-DD68668F020A}.Debug|Any CPU.Deploy.0 = Debug|iPhoneSimulator
		{2DB5C6B4-C48B-432A-B4D8-DD68668F020A}.Debug|ARM.ActiveCfg = Debug|iPhoneSimulator
		{2DB5C6B4-C48B-432A-B4D8-DD68668F020A}.Debug|ARM.Build.0 = Debug|iPhoneSimulator
		{2DB5C6B4-C48B-432A-B4D8-DD68668F020A}.Debug|ARM.Deploy.0 = Debug|iPhoneSimulator
		{2DB5C6B4-C48B-432A-B4D8-DD68668F020A}.Debug|iPhone.ActiveCfg = Debug|iPhone
		{2DB5C6B4-C48B-432A-B4D8-DD68668F020A}.Debug|iPhone.Build.0 = Debug|iPhone
		{2DB5C6B4-C48B-432A-B4D8-DD68668F020A}.Debug|iPhone.Deploy.0 = Debug|iPhone
		{2DB5C6B4-C48B-432A-B4D8-DD68668F020A}.Debug|iPhoneSimulator.ActiveCfg = Debug|iPhoneSimulator
		{2DB5C6B4-C48B-432A-B4D8-DD68668F020A}.Debug|iPhoneSimulator.Build.0 = Debug|iPhoneSimulator
		{2DB5C6B4-C48B-432A-B4D8-DD68668F020A}.Debug|iPhoneSimulator.Deploy.0 = Debug|iPhoneSimulator
		{2DB5C6B4-C48B-432A-B4D8-DD68668F020A}.Debug|x64.ActiveCfg = Debug|iPhone
		{2DB5C6B4-C48B-432A-B4D8-DD68668F020A}.Debug|x64.Build.0 = Debug|iPhone
		{2DB5C6B4-C48B-432A-B4D8-DD68668F020A}.Debug|x64.Deploy.0 = Debug|iPhone
		{2DB5C6B4-C48B-432A-B4D8-DD68668F020A}.Debug|x86.ActiveCfg = Debug|iPhoneSimulator
		{2DB5C6B4-C48B-432A-B4D8-DD68668F020A}.Debug|x86.Build.0 = Debug|iPhoneSimulator
		{2DB5C6B4-C48B-432A-B4D8-DD68668F020A}.Debug|x86.Deploy.0 = Debug|iPhoneSimulator
		{2DB5C6B4-C48B-432A-B4D8-DD68668F020A}.Release|Any CPU.ActiveCfg = Release|iPhoneSimulator
		{2DB5C6B4-C48B-432A-B4D8-DD68668F020A}.Release|Any CPU.Build.0 = Release|iPhoneSimulator
		{2DB5C6B4-C48B-432A-B4D8-DD68668F020A}.Release|Any CPU.Deploy.0 = Release|iPhoneSimulator
		{2DB5C6B4-C48B-432A-B4D8-DD68668F020A}.Release|ARM.ActiveCfg = Release|iPhoneSimulator
		{2DB5C6B4-C48B-432A-B4D8-DD68668F020A}.Release|ARM.Build.0 = Release|iPhoneSimulator
		{2DB5C6B4-C48B-432A-B4D8-DD68668F020A}.Release|ARM.Deploy.0 = Release|iPhoneSimulator
		{2DB5C6B4-C48B-432A-B4D8-DD68668F020A}.Release|iPhone.ActiveCfg = Release|iPhone
		{2DB5C6B4-C48B-432A-B4D8-DD68668F020A}.Release|iPhone.Build.0 = Release|iPhone
		{2DB5C6B4-C48B-432A-B4D8-DD68668F020A}.Release|iPhone.Deploy.0 = Release|iPhone
		{2DB5C6B4-C48B-432A-B4D8-DD68668F020A}.Release|iPhoneSimulator.ActiveCfg = Release|iPhoneSimulator
		{2DB5C6B4-C48B-432A-B4D8-DD68668F020A}.Release|iPhoneSimulator.Build.0 = Release|iPhoneSimulator
		{2DB5C6B4-C48B-432A-B4D8-DD68668F020A}.Release|iPhoneSimulator.Deploy.0 = Release|iPhoneSimulator
		{2DB5C6B4-C48B-432A-B4D8-DD68668F020A}.Release|x64.ActiveCfg = Release|iPhoneSimulator
		{2DB5C6B4-C48B-432A-B4D8-DD68668F020A}.Release|x64.Build.0 = Release|iPhoneSimulator
		{2DB5C6B4-C48B-432A-B4D8-DD68668F020A}.Release|x64.Deploy.0 = Release|iPhoneSimulator
		{2DB5C6B4-C48B-432A-B4D8-DD68668F020A}.Release|x86.ActiveCfg = Release|iPhoneSimulator
		{2DB5C6B4-C48B-432A-B4D8-DD68668F020A}.Release|x86.Build.0 = Release|iPhoneSimulator
		{2DB5C6B4-C48B-432A-B4D8-DD68668F020A}.Release|x86.Deploy.0 = Release|iPhoneSimulator
		{CC98D751-6B42-4FD6-8283-792723C45B31}.Debug|Any CPU.ActiveCfg = Debug|Any CPU
		{CC98D751-6B42-4FD6-8283-792723C45B31}.Debug|Any CPU.Build.0 = Debug|Any CPU
		{CC98D751-6B42-4FD6-8283-792723C45B31}.Debug|Any CPU.Deploy.0 = Debug|Any CPU
		{CC98D751-6B42-4FD6-8283-792723C45B31}.Debug|ARM.ActiveCfg = Debug|Any CPU
		{CC98D751-6B42-4FD6-8283-792723C45B31}.Debug|ARM.Build.0 = Debug|Any CPU
		{CC98D751-6B42-4FD6-8283-792723C45B31}.Debug|ARM.Deploy.0 = Debug|Any CPU
		{CC98D751-6B42-4FD6-8283-792723C45B31}.Debug|iPhone.ActiveCfg = Debug|Any CPU
		{CC98D751-6B42-4FD6-8283-792723C45B31}.Debug|iPhone.Build.0 = Debug|Any CPU
		{CC98D751-6B42-4FD6-8283-792723C45B31}.Debug|iPhone.Deploy.0 = Debug|Any CPU
		{CC98D751-6B42-4FD6-8283-792723C45B31}.Debug|iPhoneSimulator.ActiveCfg = Debug|Any CPU
		{CC98D751-6B42-4FD6-8283-792723C45B31}.Debug|iPhoneSimulator.Build.0 = Debug|Any CPU
		{CC98D751-6B42-4FD6-8283-792723C45B31}.Debug|iPhoneSimulator.Deploy.0 = Debug|Any CPU
		{CC98D751-6B42-4FD6-8283-792723C45B31}.Debug|x64.ActiveCfg = Debug|Any CPU
		{CC98D751-6B42-4FD6-8283-792723C45B31}.Debug|x64.Build.0 = Debug|Any CPU
		{CC98D751-6B42-4FD6-8283-792723C45B31}.Debug|x64.Deploy.0 = Debug|Any CPU
		{CC98D751-6B42-4FD6-8283-792723C45B31}.Debug|x86.ActiveCfg = Debug|Any CPU
		{CC98D751-6B42-4FD6-8283-792723C45B31}.Debug|x86.Build.0 = Debug|Any CPU
		{CC98D751-6B42-4FD6-8283-792723C45B31}.Debug|x86.Deploy.0 = Debug|Any CPU
		{CC98D751-6B42-4FD6-8283-792723C45B31}.Release|Any CPU.ActiveCfg = Release|Any CPU
		{CC98D751-6B42-4FD6-8283-792723C45B31}.Release|Any CPU.Build.0 = Release|Any CPU
		{CC98D751-6B42-4FD6-8283-792723C45B31}.Release|Any CPU.Deploy.0 = Release|Any CPU
		{CC98D751-6B42-4FD6-8283-792723C45B31}.Release|ARM.ActiveCfg = Release|Any CPU
		{CC98D751-6B42-4FD6-8283-792723C45B31}.Release|ARM.Build.0 = Release|Any CPU
		{CC98D751-6B42-4FD6-8283-792723C45B31}.Release|ARM.Deploy.0 = Release|Any CPU
		{CC98D751-6B42-4FD6-8283-792723C45B31}.Release|iPhone.ActiveCfg = Release|Any CPU
		{CC98D751-6B42-4FD6-8283-792723C45B31}.Release|iPhone.Build.0 = Release|Any CPU
		{CC98D751-6B42-4FD6-8283-792723C45B31}.Release|iPhone.Deploy.0 = Release|Any CPU
		{CC98D751-6B42-4FD6-8283-792723C45B31}.Release|iPhoneSimulator.ActiveCfg = Release|Any CPU
		{CC98D751-6B42-4FD6-8283-792723C45B31}.Release|iPhoneSimulator.Build.0 = Release|Any CPU
		{CC98D751-6B42-4FD6-8283-792723C45B31}.Release|iPhoneSimulator.Deploy.0 = Release|Any CPU
		{CC98D751-6B42-4FD6-8283-792723C45B31}.Release|x64.ActiveCfg = Release|Any CPU
		{CC98D751-6B42-4FD6-8283-792723C45B31}.Release|x64.Build.0 = Release|Any CPU
		{CC98D751-6B42-4FD6-8283-792723C45B31}.Release|x64.Deploy.0 = Release|Any CPU
		{CC98D751-6B42-4FD6-8283-792723C45B31}.Release|x86.ActiveCfg = Release|Any CPU
		{CC98D751-6B42-4FD6-8283-792723C45B31}.Release|x86.Build.0 = Release|Any CPU
		{CC98D751-6B42-4FD6-8283-792723C45B31}.Release|x86.Deploy.0 = Release|Any CPU
	EndGlobalSection
	GlobalSection(SolutionProperties) = preSolution
		HideSolutionNode = FALSE
	EndGlobalSection
	GlobalSection(ExtensibilityGlobals) = postSolution
		SolutionGuid = {E3FEF963-0922-4A13-91B1-4AA14D0AE0D7}
	EndGlobalSection
EndGlobal
